<Solution>
  <Project Path="WunderkindLC.Application/WunderkindLC.Application.csproj" Id="3fccf54a-c194-4df6-92b9-b0cdbb7fb220" />
  <Project Path="WunderkindLC.Client/WunderkindLC.Client.esproj">
    <Build />
    <Deploy />
  </Project>
  <Project Path="WunderkindLC.Domain/WunderkindLC.Domain.csproj" Id="540abc86-f434-46cc-85db-a83beb9db3e9" />
  <Project Path="WunderkindLC.Infrastructure/WunderkindLC.Infrastructure.csproj" Id="aadde119-2484-45a9-bb7d-82d2cf85a17d" />
  <Project Path="WunderkindLC.Server/WunderkindLC.Server.csproj" />
  <Project Path="WunderkindLC.Tests/WunderkindLC.Tests.csproj" />
</Solution>
